
Microsoft Visual Studio Solution File, Format Version 12.00
# Visual Studio 15
VisualStudioVersion = 15.0.28010.2046
MinimumVisualStudioVersion = 10.0.40219.1
Project("{FAE04EC0-301F-11D3-BF4B-00C04F79EFBC}") = "CacheHelper", "CacheHelper\CacheHelper.csproj", "{DE99045E-DFD2-46E7-A7E6-89234D277D65}"
EndProject
Project("{FAE04EC0-301F-11D3-BF4B-00C04F79EFBC}") = "ImageHelper", "ImageHelper\ImageHelper.csproj", "{4FDAF0EB-B230-4590-9EA1-6AC5EC9BD161}"
EndProject
Project("{FAE04EC0-301F-11D3-BF4B-00C04F79EFBC}") = "ADO.NETHelper", "ADO.NETHelper\ADO.NETHelper.csproj", "{4970779F-1DD4-4F57-9F16-09734C79FD42}"
EndProject
Project("{FAE04EC0-301F-11D3-BF4B-00C04F79EFBC}") = "FileHelper", "FileHelper\FileHelper.csproj", "{C9DC0811-FCED-4CB8-8F26-476B3C10323F}"
EndProject
Project("{FAE04EC0-301F-11D3-BF4B-00C04F79EFBC}") = "CSS_Helper", "CSS_Helper\CSS_Helper.csproj", "{568E2EB1-7990-4AC1-B9BE-CE777D76256C}"
EndProject
Project("{FAE04EC0-301F-11D3-BF4B-00C04F79EFBC}") = "OracleClient", "OracleClient\OracleClient.csproj", "{9883C472-79D3-48F9-BA22-DCEF5E91F582}"
EndProject
Project("{9A19103F-16F7-4668-BE54-9A1E7A4F7556}") = "SomeMethod", "SomeMethod\SomeMethod.csproj", "{74E5D478-4527-4919-A178-0F5D2EC2AD58}"
EndProject
Project("{FAE04EC0-301F-11D3-BF4B-00C04F79EFBC}") = "ThreadHelper", "ThreadHelper\ThreadHelper.csproj", "{DA5059B5-808B-47F0-8311-23CF7F89EF07}"
EndProject
Global
	GlobalSection(SolutionConfigurationPlatforms) = preSolution
		Debug|Any CPU = Debug|Any CPU
		Release|Any CPU = Release|Any CPU
	EndGlobalSection
	GlobalSection(ProjectConfigurationPlatforms) = postSolution
		{DE99045E-DFD2-46E7-A7E6-89234D277D65}.Debug|Any CPU.ActiveCfg = Debug|Any CPU
		{DE99045E-DFD2-46E7-A7E6-89234D277D65}.Debug|Any CPU.Build.0 = Debug|Any CPU
		{DE99045E-DFD2-46E7-A7E6-89234D277D65}.Release|Any CPU.ActiveCfg = Release|Any CPU
		{DE99045E-DFD2-46E7-A7E6-89234D277D65}.Release|Any CPU.Build.0 = Release|Any CPU
		{4FDAF0EB-B230-4590-9EA1-6AC5EC9BD161}.Debug|Any CPU.ActiveCfg = Debug|Any CPU
		{4FDAF0EB-B230-4590-9EA1-6AC5EC9BD161}.Debug|Any CPU.Build.0 = Debug|Any CPU
		{4FDAF0EB-B230-4590-9EA1-6AC5EC9BD161}.Release|Any CPU.ActiveCfg = Release|Any CPU
		{4FDAF0EB-B230-4590-9EA1-6AC5EC9BD161}.Release|Any CPU.Build.0 = Release|Any CPU
		{4970779F-1DD4-4F57-9F16-09734C79FD42}.Debug|Any CPU.ActiveCfg = Debug|Any CPU
		{4970779F-1DD4-4F57-9F16-09734C79FD42}.Debug|Any CPU.Build.0 = Debug|Any CPU
		{4970779F-1DD4-4F57-9F16-09734C79FD42}.Release|Any CPU.ActiveCfg = Release|Any CPU
		{4970779F-1DD4-4F57-9F16-09734C79FD42}.Release|Any CPU.Build.0 = Release|Any CPU
		{C9DC0811-FCED-4CB8-8F26-476B3C10323F}.Debug|Any CPU.ActiveCfg = Debug|Any CPU
		{C9DC0811-FCED-4CB8-8F26-476B3C10323F}.Debug|Any CPU.Build.0 = Debug|Any CPU
		{C9DC0811-FCED-4CB8-8F26-476B3C10323F}.Release|Any CPU.ActiveCfg = Release|Any CPU
		{C9DC0811-FCED-4CB8-8F26-476B3C10323F}.Release|Any CPU.Build.0 = Release|Any CPU
		{568E2EB1-7990-4AC1-B9BE-CE777D76256C}.Debug|Any CPU.ActiveCfg = Debug|Any CPU
		{568E2EB1-7990-4AC1-B9BE-CE777D76256C}.Debug|Any CPU.Build.0 = Debug|Any CPU
		{568E2EB1-7990-4AC1-B9BE-CE777D76256C}.Release|Any CPU.ActiveCfg = Release|Any CPU
		{568E2EB1-7990-4AC1-B9BE-CE777D76256C}.Release|Any CPU.Build.0 = Release|Any CPU
		{9883C472-79D3-48F9-BA22-DCEF5E91F582}.Debug|Any CPU.ActiveCfg = Debug|Any CPU
		{9883C472-79D3-48F9-BA22-DCEF5E91F582}.Debug|Any CPU.Build.0 = Debug|Any CPU
		{9883C472-79D3-48F9-BA22-DCEF5E91F582}.Release|Any CPU.ActiveCfg = Release|Any CPU
		{9883C472-79D3-48F9-BA22-DCEF5E91F582}.Release|Any CPU.Build.0 = Release|Any CPU
		{74E5D478-4527-4919-A178-0F5D2EC2AD58}.Debug|Any CPU.ActiveCfg = Debug|Any CPU
		{74E5D478-4527-4919-A178-0F5D2EC2AD58}.Debug|Any CPU.Build.0 = Debug|Any CPU
		{74E5D478-4527-4919-A178-0F5D2EC2AD58}.Release|Any CPU.ActiveCfg = Release|Any CPU
		{74E5D478-4527-4919-A178-0F5D2EC2AD58}.Release|Any CPU.Build.0 = Release|Any CPU
		{DA5059B5-808B-47F0-8311-23CF7F89EF07}.Debug|Any CPU.ActiveCfg = Debug|Any CPU
		{DA5059B5-808B-47F0-8311-23CF7F89EF07}.Debug|Any CPU.Build.0 = Debug|Any CPU
		{DA5059B5-808B-47F0-8311-23CF7F89EF07}.Release|Any CPU.ActiveCfg = Release|Any CPU
		{DA5059B5-808B-47F0-8311-23CF7F89EF07}.Release|Any CPU.Build.0 = Release|Any CPU
	EndGlobalSection
	GlobalSection(SolutionProperties) = preSolution
		HideSolutionNode = FALSE
	EndGlobalSection
	GlobalSection(ExtensibilityGlobals) = postSolution
		SolutionGuid = {1597C076-AF6C-4024-8E7F-64D1A2A9DA2D}
	EndGlobalSection
EndGlobal
